
Microsoft Visual Studio Solution File, Format Version 12.00
# Visual Studio Version 17
VisualStudioVersion = 17.14.36414.22 d17.14
MinimumVisualStudioVersion = 10.0.40219.1
Project("{FAE04EC0-301F-11D3-BF4B-00C04F79EFBC}") = "WinFormsApp_nameOf", "WinFormsApp_nameOf.csproj", "{9476E71E-00E5-4884-AEDB-C8D3D79A776E}"
EndProject
Global
	GlobalSection(SolutionConfigurationPlatforms) = preSolution
		Debug|Any CPU = Debug|Any CPU
		Release|Any CPU = Release|Any CPU
	EndGlobalSection
	GlobalSection(ProjectConfigurationPlatforms) = postSolution
		{9476E71E-00E5-4884-AEDB-C8D3D79A776E}.Debug|Any CPU.ActiveCfg = Debug|Any CPU
		{9476E71E-00E5-4884-AEDB-C8D3D79A776E}.Debug|Any CPU.Build.0 = Debug|Any CPU
		{9476E71E-00E5-4884-AEDB-C8D3D79A776E}.Release|Any CPU.ActiveCfg = Release|Any CPU
		{9476E71E-00E5-4884-AEDB-C8D3D79A776E}.Release|Any CPU.Build.0 = Release|Any CPU
	EndGlobalSection
	GlobalSection(SolutionProperties) = preSolution
		HideSolutionNode = FALSE
	EndGlobalSection
	GlobalSection(ExtensibilityGlobals) = postSolution
		SolutionGuid = {E5026C15-264E-447D-ADE0-3AEAB7D0E0E0}
	EndGlobalSection
EndGlobal
